
Microsoft Visual Studio Solution File, Format Version 12.00
# Visual Studio Version 16
VisualStudioVersion = 16.0.32630.194
MinimumVisualStudioVersion = 10.0.40219.1
Project("{8BC9CEB8-8B4A-11D0-8D11-00A0C91BC942}") = "Project8.11", "Project8.11\Project8.11.vcxproj", "{ECE099B1-2BED-472C-8C16-C37D37C2D969}"
EndProject
Global
	GlobalSection(SolutionConfigurationPlatforms) = preSolution
		Debug|x64 = Debug|x64
		Debug|x86 = Debug|x86
		Release|x64 = Release|x64
		Release|x86 = Release|x86
	EndGlobalSection
	GlobalSection(ProjectConfigurationPlatforms) = postSolution
		{ECE099B1-2BED-472C-8C16-C37D37C2D969}.Debug|x64.ActiveCfg = Debug|x64
		{ECE099B1-2BED-472C-8C16-C37D37C2D969}.Debug|x64.Build.0 = Debug|x64
		{ECE099B1-2BED-472C-8C16-C37D37C2D969}.Debug|x86.ActiveCfg = Debug|Win32
		{ECE099B1-2BED-472C-8C16-C37D37C2D969}.Debug|x86.Build.0 = Debug|Win32
		{ECE099B1-2BED-472C-8C16-C37D37C2D969}.Release|x64.ActiveCfg = Release|x64
		{ECE099B1-2BED-472C-8C16-C37D37C2D969}.Release|x64.Build.0 = Release|x64
		{ECE099B1-2BED-472C-8C16-C37D37C2D969}.Release|x86.ActiveCfg = Release|Win32
		{ECE099B1-2BED-472C-8C16-C37D37C2D969}.Release|x86.Build.0 = Release|Win32
	EndGlobalSection
	GlobalSection(SolutionProperties) = preSolution
		HideSolutionNode = FALSE
	EndGlobalSection
	GlobalSection(ExtensibilityGlobals) = postSolution
		SolutionGuid = {F2396789-B3C0-401A-9589-52A3D00E9CF2}
	EndGlobalSection
EndGlobal
