
Microsoft Visual Studio Solution File, Format Version 12.00
# Visual Studio Version 16
VisualStudioVersion = 16.0.32630.194
MinimumVisualStudioVersion = 10.0.40219.1
Project("{8BC9CEB8-8B4A-11D0-8D11-00A0C91BC942}") = "Project8.11.3", "Project8.11.3\Project8.11.3.vcxproj", "{EA251925-F750-45F4-A1DC-0D3A0DA23022}"
EndProject
Global
	GlobalSection(SolutionConfigurationPlatforms) = preSolution
		Debug|x64 = Debug|x64
		Debug|x86 = Debug|x86
		Release|x64 = Release|x64
		Release|x86 = Release|x86
	EndGlobalSection
	GlobalSection(ProjectConfigurationPlatforms) = postSolution
		{EA251925-F750-45F4-A1DC-0D3A0DA23022}.Debug|x64.ActiveCfg = Debug|x64
		{EA251925-F750-45F4-A1DC-0D3A0DA23022}.Debug|x64.Build.0 = Debug|x64
		{EA251925-F750-45F4-A1DC-0D3A0DA23022}.Debug|x86.ActiveCfg = Debug|Win32
		{EA251925-F750-45F4-A1DC-0D3A0DA23022}.Debug|x86.Build.0 = Debug|Win32
		{EA251925-F750-45F4-A1DC-0D3A0DA23022}.Release|x64.ActiveCfg = Release|x64
		{EA251925-F750-45F4-A1DC-0D3A0DA23022}.Release|x64.Build.0 = Release|x64
		{EA251925-F750-45F4-A1DC-0D3A0DA23022}.Release|x86.ActiveCfg = Release|Win32
		{EA251925-F750-45F4-A1DC-0D3A0DA23022}.Release|x86.Build.0 = Release|Win32
	EndGlobalSection
	GlobalSection(SolutionProperties) = preSolution
		HideSolutionNode = FALSE
	EndGlobalSection
	GlobalSection(ExtensibilityGlobals) = postSolution
		SolutionGuid = {5A062AED-6A41-405C-AA9C-41BCF0BDCDBE}
	EndGlobalSection
EndGlobal
